// !$*UTF8*$!
{
	archiveVersion = 1;
	classes = {
	};
	objectVersion = 46;
	objects = {

/* Begin PBXBuildFile section */
		1F0A167D19ACA432002EAD6A /* ParseHints.swift in Sources */ = {isa = PBXBuildFile; fileRef = 1F0A167C19ACA432002EAD6A /* ParseHints.swift */; };
		1F0A167F19ACA6F8002EAD6A /* Field.swift in Sources */ = {isa = PBXBuildFile; fileRef = 1F0A167E19ACA6F8002EAD6A /* Field.swift */; };
		1F0A168119ADA9B4002EAD6A /* IPv6.swift in Sources */ = {isa = PBXBuildFile; fileRef = 1F0A168019ADA9B4002EAD6A /* IPv6.swift */; };
		1F0A168319ADAC67002EAD6A /* ICMP6.swift in Sources */ = {isa = PBXBuildFile; fileRef = 1F0A168219ADAC67002EAD6A /* ICMP6.swift */; };
		1F4418D919A4DE100026BBA1 /* Pcap.swift in Sources */ = {isa = PBXBuildFile; fileRef = 1F4418D819A4DE100026BBA1 /* Pcap.swift */; };
		1F447336198F5022004E5879 /* main.swift in Sources */ = {isa = PBXBuildFile; fileRef = 1F447335198F5022004E5879 /* main.swift */; };
		1F447338198F5022004E5879 /* PcapDocument.swift in Sources */ = {isa = PBXBuildFile; fileRef = 1F447337198F5022004E5879 /* PcapDocument.swift */; };
		1F44733B198F5022004E5879 /* PcapDocument.xib in Resources */ = {isa = PBXBuildFile; fileRef = 1F447339198F5022004E5879 /* PcapDocument.xib */; };
		1F44733D198F5022004E5879 /* Images.xcassets in Resources */ = {isa = PBXBuildFile; fileRef = 1F44733C198F5022004E5879 /* Images.xcassets */; };
		1F447340198F5022004E5879 /* MainMenu.xib in Resources */ = {isa = PBXBuildFile; fileRef = 1F44733E198F5022004E5879 /* MainMenu.xib */; };
		1F44734C198F5022004E5879 /* iPacketTests.swift in Sources */ = {isa = PBXBuildFile; fileRef = 1F44734B198F5022004E5879 /* iPacketTests.swift */; };
		1F9B35FE19B4923D0017B3EC /* PcapWindowController.swift in Sources */ = {isa = PBXBuildFile; fileRef = 1F9B35FD19B4923D0017B3EC /* PcapWindowController.swift */; };
		1FBADDE119B769AB00FDD119 /* IPv6Address.swift in Sources */ = {isa = PBXBuildFile; fileRef = 1FBADDE019B769AB00FDD119 /* IPv6Address.swift */; };
		1FEEFB00199B70830097078C /* Packet.swift in Sources */ = {isa = PBXBuildFile; fileRef = 1FEEFAFF199B70830097078C /* Packet.swift */; };
		1FEEFB02199DCF7C0097078C /* Header.swift in Sources */ = {isa = PBXBuildFile; fileRef = 1FEEFB01199DCF7C0097078C /* Header.swift */; };
		1FEEFB04199DD29A0097078C /* Loopback.swift in Sources */ = {isa = PBXBuildFile; fileRef = 1FEEFB03199DD29A0097078C /* Loopback.swift */; };
/* End PBXBuildFile section */

/* Begin PBXContainerItemProxy section */
		1F447346198F5022004E5879 /* PBXContainerItemProxy */ = {
			isa = PBXContainerItemProxy;
			containerPortal = 1F447328198F5022004E5879 /* Project object */;
			proxyType = 1;
			remoteGlobalIDString = 1F44732F198F5022004E5879;
			remoteInfo = iPacket;
		};
/* End PBXContainerItemProxy section */

/* Begin PBXFileReference section */
		1F0A167C19ACA432002EAD6A /* ParseHints.swift */ = {isa = PBXFileReference; fileEncoding = 4; lastKnownFileType = sourcecode.swift; path = ParseHints.swift; sourceTree = "<group>"; };
		1F0A167E19ACA6F8002EAD6A /* Field.swift */ = {isa = PBXFileReference; fileEncoding = 4; lastKnownFileType = sourcecode.swift; path = Field.swift; sourceTree = "<group>"; };
		1F0A168019ADA9B4002EAD6A /* IPv6.swift */ = {isa = PBXFileReference; fileEncoding = 4; lastKnownFileType = sourcecode.swift; path = IPv6.swift; sourceTree = "<group>"; };
		1F0A168219ADAC67002EAD6A /* ICMP6.swift */ = {isa = PBXFileReference; fileEncoding = 4; lastKnownFileType = sourcecode.swift; path = ICMP6.swift; sourceTree = "<group>"; };
		1F4418D819A4DE100026BBA1 /* Pcap.swift */ = {isa = PBXFileReference; fileEncoding = 4; lastKnownFileType = sourcecode.swift; path = Pcap.swift; sourceTree = "<group>"; };
		1F4418DB19A69E560026BBA1 /* memo.md */ = {isa = PBXFileReference; lastKnownFileType = net.daringfireball.markdown; path = memo.md; sourceTree = "<group>"; };
		1F447330198F5022004E5879 /* iPacket.app */ = {isa = PBXFileReference; explicitFileType = wrapper.application; includeInIndex = 0; path = iPacket.app; sourceTree = BUILT_PRODUCTS_DIR; };
		1F447334198F5022004E5879 /* Info.plist */ = {isa = PBXFileReference; lastKnownFileType = text.plist.xml; path = Info.plist; sourceTree = "<group>"; };
		1F447335198F5022004E5879 /* main.swift */ = {isa = PBXFileReference; lastKnownFileType = sourcecode.swift; path = main.swift; sourceTree = "<group>"; };
		1F447337198F5022004E5879 /* PcapDocument.swift */ = {isa = PBXFileReference; lastKnownFileType = sourcecode.swift; path = PcapDocument.swift; sourceTree = "<group>"; };
		1F44733A198F5022004E5879 /* Base */ = {isa = PBXFileReference; lastKnownFileType = file.xib; name = Base; path = Base.lproj/PcapDocument.xib; sourceTree = "<group>"; };
		1F44733C198F5022004E5879 /* Images.xcassets */ = {isa = PBXFileReference; lastKnownFileType = folder.assetcatalog; path = Images.xcassets; sourceTree = "<group>"; };
		1F44733F198F5022004E5879 /* Base */ = {isa = PBXFileReference; lastKnownFileType = file.xib; name = Base; path = Base.lproj/MainMenu.xib; sourceTree = "<group>"; };
		1F447345198F5022004E5879 /* iPacketTests.xctest */ = {isa = PBXFileReference; explicitFileType = wrapper.cfbundle; includeInIndex = 0; path = iPacketTests.xctest; sourceTree = BUILT_PRODUCTS_DIR; };
		1F44734A198F5022004E5879 /* Info.plist */ = {isa = PBXFileReference; lastKnownFileType = text.plist.xml; path = Info.plist; sourceTree = "<group>"; };
		1F44734B198F5022004E5879 /* iPacketTests.swift */ = {isa = PBXFileReference; lastKnownFileType = sourcecode.swift; path = iPacketTests.swift; sourceTree = "<group>"; };
		1F9B35FD19B4923D0017B3EC /* PcapWindowController.swift */ = {isa = PBXFileReference; fileEncoding = 4; lastKnownFileType = sourcecode.swift; path = PcapWindowController.swift; sourceTree = "<group>"; };
		1FBADDE019B769AB00FDD119 /* IPv6Address.swift */ = {isa = PBXFileReference; fileEncoding = 4; lastKnownFileType = sourcecode.swift; path = IPv6Address.swift; sourceTree = "<group>"; };
		1FEEFAFE1999E2330097078C /* iPacket-Bridging-Header.h */ = {isa = PBXFileReference; lastKnownFileType = sourcecode.c.h; path = "iPacket-Bridging-Header.h"; sourceTree = "<group>"; };
		1FEEFAFF199B70830097078C /* Packet.swift */ = {isa = PBXFileReference; fileEncoding = 4; lastKnownFileType = sourcecode.swift; path = Packet.swift; sourceTree = "<group>"; };
		1FEEFB01199DCF7C0097078C /* Header.swift */ = {isa = PBXFileReference; fileEncoding = 4; lastKnownFileType = sourcecode.swift; path = Header.swift; sourceTree = "<group>"; };
		1FEEFB03199DD29A0097078C /* Loopback.swift */ = {isa = PBXFileReference; fileEncoding = 4; lastKnownFileType = sourcecode.swift; path = Loopback.swift; sourceTree = "<group>"; };
/* End PBXFileReference section */

/* Begin PBXFrameworksBuildPhase section */
		1F44732D198F5022004E5879 /* Frameworks */ = {
			isa = PBXFrameworksBuildPhase;
			buildActionMask = 2147483647;
			files = (
			);
			runOnlyForDeploymentPostprocessing = 0;
		};
		1F447342198F5022004E5879 /* Frameworks */ = {
			isa = PBXFrameworksBuildPhase;
			buildActionMask = 2147483647;
			files = (
			);
			runOnlyForDeploymentPostprocessing = 0;
		};
/* End PBXFrameworksBuildPhase section */

/* Begin PBXGroup section */
		1F4418DA19A69E560026BBA1 /* Doc */ = {
			isa = PBXGroup;
			children = (
				1F4418DB19A69E560026BBA1 /* memo.md */,
			);
			path = Doc;
			sourceTree = "<group>";
		};
		1F447327198F5022004E5879 = {
			isa = PBXGroup;
			children = (
				1F447332198F5022004E5879 /* iPacket */,
				1F447348198F5022004E5879 /* iPacketTests */,
				1F4418DA19A69E560026BBA1 /* Doc */,
				1F447331198F5022004E5879 /* Products */,
			);
			sourceTree = "<group>";
		};
		1F447331198F5022004E5879 /* Products */ = {
			isa = PBXGroup;
			children = (
				1F447330198F5022004E5879 /* iPacket.app */,
				1F447345198F5022004E5879 /* iPacketTests.xctest */,
			);
			name = Products;
			sourceTree = "<group>";
		};
		1F447332198F5022004E5879 /* iPacket */ = {
			isa = PBXGroup;
			children = (
				1FEEFAFE1999E2330097078C /* iPacket-Bridging-Header.h */,
				1FEEFAFF199B70830097078C /* Packet.swift */,
				1F4418D819A4DE100026BBA1 /* Pcap.swift */,
				1F447337198F5022004E5879 /* PcapDocument.swift */,
				1F9B35FD19B4923D0017B3EC /* PcapWindowController.swift */,
				1F44733C198F5022004E5879 /* Images.xcassets */,
				1F44733E198F5022004E5879 /* MainMenu.xib */,
				1F447339198F5022004E5879 /* PcapDocument.xib */,
				1F9B35FF19B5E9480017B3EC /* Protocols */,
				1F447333198F5022004E5879 /* Supporting Files */,
			);
			path = iPacket;
			sourceTree = "<group>";
		};
		1F447333198F5022004E5879 /* Supporting Files */ = {
			isa = PBXGroup;
			children = (
				1F447334198F5022004E5879 /* Info.plist */,
				1F447335198F5022004E5879 /* main.swift */,
			);
			name = "Supporting Files";
			sourceTree = "<group>";
		};
		1F447348198F5022004E5879 /* iPacketTests */ = {
			isa = PBXGroup;
			children = (
				1F44734B198F5022004E5879 /* iPacketTests.swift */,
				1F447349198F5022004E5879 /* Supporting Files */,
			);
			path = iPacketTests;
			sourceTree = "<group>";
		};
		1F447349198F5022004E5879 /* Supporting Files */ = {
			isa = PBXGroup;
			children = (
				1F44734A198F5022004E5879 /* Info.plist */,
			);
			name = "Supporting Files";
			sourceTree = "<group>";
		};
		1F9B35FF19B5E9480017B3EC /* Protocols */ = {
			isa = PBXGroup;
			children = (
				1F0A167E19ACA6F8002EAD6A /* Field.swift */,
				1FBADDE019B769AB00FDD119 /* IPv6Address.swift */,
				1FEEFB01199DCF7C0097078C /* Header.swift */,
				1F0A168219ADAC67002EAD6A /* ICMP6.swift */,
				1F0A168019ADA9B4002EAD6A /* IPv6.swift */,
				1FEEFB03199DD29A0097078C /* Loopback.swift */,
				1F0A167C19ACA432002EAD6A /* ParseHints.swift */,
			);
			name = Protocols;
			sourceTree = "<group>";
		};
/* End PBXGroup section */

/* Begin PBXNativeTarget section */
		1F44732F198F5022004E5879 /* iPacket */ = {
			isa = PBXNativeTarget;
			buildConfigurationList = 1F44734F198F5022004E5879 /* Build configuration list for PBXNativeTarget "iPacket" */;
			buildPhases = (
				1F44732C198F5022004E5879 /* Sources */,
				1F44732D198F5022004E5879 /* Frameworks */,
				1F44732E198F5022004E5879 /* Resources */,
			);
			buildRules = (
			);
			dependencies = (
			);
			name = iPacket;
			productName = iPacket;
			productReference = 1F447330198F5022004E5879 /* iPacket.app */;
			productType = "com.apple.product-type.application";
		};
		1F447344198F5022004E5879 /* iPacketTests */ = {
			isa = PBXNativeTarget;
			buildConfigurationList = 1F447352198F5022004E5879 /* Build configuration list for PBXNativeTarget "iPacketTests" */;
			buildPhases = (
				1F447341198F5022004E5879 /* Sources */,
				1F447342198F5022004E5879 /* Frameworks */,
				1F447343198F5022004E5879 /* Resources */,
			);
			buildRules = (
			);
			dependencies = (
				1F447347198F5022004E5879 /* PBXTargetDependency */,
			);
			name = iPacketTests;
			productName = iPacketTests;
			productReference = 1F447345198F5022004E5879 /* iPacketTests.xctest */;
			productType = "com.apple.product-type.bundle.unit-test";
		};
/* End PBXNativeTarget section */

/* Begin PBXProject section */
		1F447328198F5022004E5879 /* Project object */ = {
			isa = PBXProject;
			attributes = {
				LastUpgradeCheck = 0600;
				ORGANIZATIONNAME = "Tomoyuki Sahara";
				TargetAttributes = {
					1F44732F198F5022004E5879 = {
						CreatedOnToolsVersion = 6.0;
					};
					1F447344198F5022004E5879 = {
						CreatedOnToolsVersion = 6.0;
						TestTargetID = 1F44732F198F5022004E5879;
					};
				};
			};
			buildConfigurationList = 1F44732B198F5022004E5879 /* Build configuration list for PBXProject "iPacket" */;
			compatibilityVersion = "Xcode 3.2";
			developmentRegion = English;
			hasScannedForEncodings = 0;
			knownRegions = (
				en,
				Base,
			);
			mainGroup = 1F447327198F5022004E5879;
			productRefGroup = 1F447331198F5022004E5879 /* Products */;
			projectDirPath = "";
			projectRoot = "";
			targets = (
				1F44732F198F5022004E5879 /* iPacket */,
				1F447344198F5022004E5879 /* iPacketTests */,
			);
		};
/* End PBXProject section */

/* Begin PBXResourcesBuildPhase section */
		1F44732E198F5022004E5879 /* Resources */ = {
			isa = PBXResourcesBuildPhase;
			buildActionMask = 2147483647;
			files = (
				1F44733B198F5022004E5879 /* PcapDocument.xib in Resources */,
				1F44733D198F5022004E5879 /* Images.xcassets in Resources */,
				1F447340198F5022004E5879 /* MainMenu.xib in Resources */,
			);
			runOnlyForDeploymentPostprocessing = 0;
		};
		1F447343198F5022004E5879 /* Resources */ = {
			isa = PBXResourcesBuildPhase;
			buildActionMask = 2147483647;
			files = (
			);
			runOnlyForDeploymentPostprocessing = 0;
		};
/* End PBXResourcesBuildPhase section */

/* Begin PBXSourcesBuildPhase section */
		1F44732C198F5022004E5879 /* Sources */ = {
			isa = PBXSourcesBuildPhase;
			buildActionMask = 2147483647;
			files = (
				1F4418D919A4DE100026BBA1 /* Pcap.swift in Sources */,
				1F0A168319ADAC67002EAD6A /* ICMP6.swift in Sources */,
				1FEEFB02199DCF7C0097078C /* Header.swift in Sources */,
				1FBADDE119B769AB00FDD119 /* IPv6Address.swift in Sources */,
				1F0A167F19ACA6F8002EAD6A /* Field.swift in Sources */,
				1FEEFB04199DD29A0097078C /* Loopback.swift in Sources */,
				1F0A168119ADA9B4002EAD6A /* IPv6.swift in Sources */,
				1F447338198F5022004E5879 /* PcapDocument.swift in Sources */,
				1F447336198F5022004E5879 /* main.swift in Sources */,
				1FEEFB00199B70830097078C /* Packet.swift in Sources */,
				1F9B35FE19B4923D0017B3EC /* PcapWindowController.swift in Sources */,
				1F0A167D19ACA432002EAD6A /* ParseHints.swift in Sources */,
			);
			runOnlyForDeploymentPostprocessing = 0;
		};
		1F447341198F5022004E5879 /* Sources */ = {
			isa = PBXSourcesBuildPhase;
			buildActionMask = 2147483647;
			files = (
				1F44734C198F5022004E5879 /* iPacketTests.swift in Sources */,
			);
			runOnlyForDeploymentPostprocessing = 0;
		};
/* End PBXSourcesBuildPhase section */

/* Begin PBXTargetDependency section */
		1F447347198F5022004E5879 /* PBXTargetDependency */ = {
			isa = PBXTargetDependency;
			target = 1F44732F198F5022004E5879 /* iPacket */;
			targetProxy = 1F447346198F5022004E5879 /* PBXContainerItemProxy */;
		};
/* End PBXTargetDependency section */

/* Begin PBXVariantGroup section */
		1F447339198F5022004E5879 /* PcapDocument.xib */ = {
			isa = PBXVariantGroup;
			children = (
				1F44733A198F5022004E5879 /* Base */,
			);
			name = PcapDocument.xib;
			sourceTree = "<group>";
		};
		1F44733E198F5022004E5879 /* MainMenu.xib */ = {
			isa = PBXVariantGroup;
			children = (
				1F44733F198F5022004E5879 /* Base */,
			);
			name = MainMenu.xib;
			sourceTree = "<group>";
		};
/* End PBXVariantGroup section */

/* Begin XCBuildConfiguration section */
		1F44734D198F5022004E5879 /* Debug */ = {
			isa = XCBuildConfiguration;
			buildSettings = {
				ALWAYS_SEARCH_USER_PATHS = NO;
				CLANG_CXX_LANGUAGE_STANDARD = "gnu++0x";
				CLANG_CXX_LIBRARY = "libc++";
				CLANG_ENABLE_MODULES = YES;
				CLANG_ENABLE_OBJC_ARC = YES;
				CLANG_WARN_BOOL_CONVERSION = YES;
				CLANG_WARN_CONSTANT_CONVERSION = YES;
				CLANG_WARN_DIRECT_OBJC_ISA_USAGE = YES_ERROR;
				CLANG_WARN_EMPTY_BODY = YES;
				CLANG_WARN_ENUM_CONVERSION = YES;
				CLANG_WARN_INT_CONVERSION = YES;
				CLANG_WARN_OBJC_ROOT_CLASS = YES_ERROR;
				CLANG_WARN_UNREACHABLE_CODE = YES;
				CLANG_WARN__DUPLICATE_METHOD_MATCH = YES;
				CODE_SIGN_IDENTITY = "-";
				COPY_PHASE_STRIP = NO;
				ENABLE_STRICT_OBJC_MSGSEND = YES;
				GCC_C_LANGUAGE_STANDARD = gnu99;
				GCC_DYNAMIC_NO_PIC = NO;
				GCC_OPTIMIZATION_LEVEL = 0;
				GCC_PREPROCESSOR_DEFINITIONS = (
					"DEBUG=1",
					"$(inherited)",
				);
				GCC_SYMBOLS_PRIVATE_EXTERN = NO;
				GCC_WARN_64_TO_32_BIT_CONVERSION = YES;
				GCC_WARN_ABOUT_RETURN_TYPE = YES_ERROR;
				GCC_WARN_UNDECLARED_SELECTOR = YES;
				GCC_WARN_UNINITIALIZED_AUTOS = YES_AGGRESSIVE;
				GCC_WARN_UNUSED_FUNCTION = YES;
				GCC_WARN_UNUSED_VARIABLE = YES;
				MACOSX_DEPLOYMENT_TARGET = 10.9;
				MTL_ENABLE_DEBUG_INFO = YES;
				ONLY_ACTIVE_ARCH = YES;
				SDKROOT = macosx;
				SWIFT_OPTIMIZATION_LEVEL = "-Onone";
			};
			name = Debug;
		};
		1F44734E198F5022004E5879 /* Release */ = {
			isa = XCBuildConfiguration;
			buildSettings = {
				ALWAYS_SEARCH_USER_PATHS = NO;
				CLANG_CXX_LANGUAGE_STANDARD = "gnu++0x";
				CLANG_CXX_LIBRARY = "libc++";
				CLANG_ENABLE_MODULES = YES;
				CLANG_ENABLE_OBJC_ARC = YES;
				CLANG_WARN_BOOL_CONVERSION = YES;
				CLANG_WARN_CONSTANT_CONVERSION = YES;
				CLANG_WARN_DIRECT_OBJC_ISA_USAGE = YES_ERROR;
				CLANG_WARN_EMPTY_BODY = YES;
				CLANG_WARN_ENUM_CONVERSION = YES;
				CLANG_WARN_INT_CONVERSION = YES;
				CLANG_WARN_OBJC_ROOT_CLASS = YES_ERROR;
				CLANG_WARN_UNREACHABLE_CODE = YES;
				CLANG_WARN__DUPLICATE_METHOD_MATCH = YES;
				CODE_SIGN_IDENTITY = "-";
				COPY_PHASE_STRIP = YES;
				DEBUG_INFORMATION_FORMAT = "dwarf-with-dsym";
				ENABLE_NS_ASSERTIONS = NO;
				ENABLE_STRICT_OBJC_MSGSEND = YES;
				GCC_C_LANGUAGE_STANDARD = gnu99;
				GCC_WARN_64_TO_32_BIT_CONVERSION = YES;
				GCC_WARN_ABOUT_RETURN_TYPE = YES_ERROR;
				GCC_WARN_UNDECLARED_SELECTOR = YES;
				GCC_WARN_UNINITIALIZED_AUTOS = YES_AGGRESSIVE;
				GCC_WARN_UNUSED_FUNCTION = YES;
				GCC_WARN_UNUSED_VARIABLE = YES;
				MACOSX_DEPLOYMENT_TARGET = 10.9;
				MTL_ENABLE_DEBUG_INFO = NO;
				SDKROOT = macosx;
			};
			name = Release;
		};
		1F447350198F5022004E5879 /* Debug */ = {
			isa = XCBuildConfiguration;
			buildSettings = {
				ASSETCATALOG_COMPILER_APPICON_NAME = AppIcon;
				COMBINE_HIDPI_IMAGES = YES;
				INFOPLIST_FILE = iPacket/Info.plist;
				LD_RUNPATH_SEARCH_PATHS = "$(inherited) @executable_path/../Frameworks";
				PRODUCT_NAME = "$(TARGET_NAME)";
				SWIFT_OBJC_BRIDGING_HEADER = "iPacket/iPacket-Bridging-Header.h";
			};
			name = Debug;
		};
		1F447351198F5022004E5879 /* Release */ = {
			isa = XCBuildConfiguration;
			buildSettings = {
				ASSETCATALOG_COMPILER_APPICON_NAME = AppIcon;
				COMBINE_HIDPI_IMAGES = YES;
				INFOPLIST_FILE = iPacket/Info.plist;
				LD_RUNPATH_SEARCH_PATHS = "$(inherited) @executable_path/../Frameworks";
				PRODUCT_NAME = "$(TARGET_NAME)";
				SWIFT_OBJC_BRIDGING_HEADER = "iPacket/iPacket-Bridging-Header.h";
			};
			name = Release;
		};
		1F447353198F5022004E5879 /* Debug */ = {
			isa = XCBuildConfiguration;
			buildSettings = {
				BUNDLE_LOADER = "$(BUILT_PRODUCTS_DIR)/iPacket.app/Contents/MacOS/iPacket";
				COMBINE_HIDPI_IMAGES = YES;
				FRAMEWORK_SEARCH_PATHS = (
					"$(DEVELOPER_FRAMEWORKS_DIR)",
					"$(inherited)",
				);
				GCC_PREPROCESSOR_DEFINITIONS = (
					"DEBUG=1",
					"$(inherited)",
				);
				INFOPLIST_FILE = iPacketTests/Info.plist;
				LD_RUNPATH_SEARCH_PATHS = "$(inherited) @executable_path/../Frameworks @loader_path/../Frameworks";
				PRODUCT_NAME = "$(TARGET_NAME)";
				TEST_HOST = "$(BUNDLE_LOADER)";
			};
			name = Debug;
		};
		1F447354198F5022004E5879 /* Release */ = {
			isa = XCBuildConfiguration;
			buildSettings = {
				BUNDLE_LOADER = "$(BUILT_PRODUCTS_DIR)/iPacket.app/Contents/MacOS/iPacket";
				COMBINE_HIDPI_IMAGES = YES;
				FRAMEWORK_SEARCH_PATHS = (
					"$(DEVELOPER_FRAMEWORKS_DIR)",
					"$(inherited)",
				);
				INFOPLIST_FILE = iPacketTests/Info.plist;
				LD_RUNPATH_SEARCH_PATHS = "$(inherited) @executable_path/../Frameworks @loader_path/../Frameworks";
				PRODUCT_NAME = "$(TARGET_NAME)";
				TEST_HOST = "$(BUNDLE_LOADER)";
			};
			name = Release;
		};
/* End XCBuildConfiguration section */

/* Begin XCConfigurationList section */
		1F44732B198F5022004E5879 /* Build configuration list for PBXProject "iPacket" */ = {
			isa = XCConfigurationList;
			buildConfigurations = (
				1F44734D198F5022004E5879 /* Debug */,
				1F44734E198F5022004E5879 /* Release */,
			);
			defaultConfigurationIsVisible = 0;
			defaultConfigurationName = Release;
		};
		1F44734F198F5022004E5879 /* Build configuration list for PBXNativeTarget "iPacket" */ = {
			isa = XCConfigurationList;
			buildConfigurations = (
				1F447350198F5022004E5879 /* Debug */,
				1F447351198F5022004E5879 /* Release */,
			);
			defaultConfigurationIsVisible = 0;
			defaultConfigurationName = Release;
		};
		1F447352198F5022004E5879 /* Build configuration list for PBXNativeTarget "iPacketTests" */ = {
			isa = XCConfigurationList;
			buildConfigurations = (
				1F447353198F5022004E5879 /* Debug */,
				1F447354198F5022004E5879 /* Release */,
			);
			defaultConfigurationIsVisible = 0;
			defaultConfigurationName = Release;
		};
/* End XCConfigurationList section */
	};
	rootObject = 1F447328198F5022004E5879 /* Project object */;
}
